
Microsoft Visual Studio Solution File, Format Version 12.00
# Visual Studio Version 17
VisualStudioVersion = 17.7.34221.43
MinimumVisualStudioVersion = 10.0.40219.1
Project("{FAE04EC0-301F-11D3-BF4B-00C04F79EFBC}") = "Dating_app", "Dating_app.csproj", "{89E70064-F028-4A5B-A843-AA864ABAC4CD}"
EndProject
Project("{2150E333-8FDC-42A3-9474-1A3956D46DE8}") = "Solution Items", "Solution Items", "{63732ED6-9365-4725-B2A3-9EFE5DC986C2}"
	ProjectSection(SolutionItems) = preProject
		.editorconfig = .editorconfig
	EndProjectSection
EndProject
Global
	GlobalSection(SolutionConfigurationPlatforms) = preSolution
		Debug|Any CPU = Debug|Any CPU
		Release|Any CPU = Release|Any CPU
	EndGlobalSection
	GlobalSection(ProjectConfigurationPlatforms) = postSolution
		{89E70064-F028-4A5B-A843-AA864ABAC4CD}.Debug|Any CPU.ActiveCfg = Debug|Any CPU
		{89E70064-F028-4A5B-A843-AA864ABAC4CD}.Debug|Any CPU.Build.0 = Debug|Any CPU
		{89E70064-F028-4A5B-A843-AA864ABAC4CD}.Release|Any CPU.ActiveCfg = Release|Any CPU
		{89E70064-F028-4A5B-A843-AA864ABAC4CD}.Release|Any CPU.Build.0 = Release|Any CPU
	EndGlobalSection
	GlobalSection(SolutionProperties) = preSolution
		HideSolutionNode = FALSE
	EndGlobalSection
	GlobalSection(ExtensibilityGlobals) = postSolution
		SolutionGuid = {EF90D9FB-2114-4E94-95D7-F1EDC99F1972}
	EndGlobalSection
EndGlobal
